Microsoft Visual Studio Solution File, Format Version 12.00
# Visual Studio Version 17
VisualStudioVersion = 17.9.34313.206
MinimumVisualStudioVersion = 10.0.40219.1
Project("{9A19103F-16F7-4668-BE54-9A1E7A4F7556}") = "AppHost", "AppHost\AppHost.csproj", "{CB9FA1EC-FC2D-40AD-A1E7-3880820E8A3C}"
EndProject
Project("{9A19103F-16F7-4668-BE54-9A1E7A4F7556}") = "ServiceDefaults", "ServiceDefaults\ServiceDefaults.csproj", "{B49D3291-65D2-49D6-9E27-BD4A7533B5E6}"
EndProject
Project("{9A19103F-16F7-4668-BE54-9A1E7A4F7556}") = "Backend", "Backend\Backend.csproj", "{016A9A34-587F-46E6-A0C6-E529B3DF987C}"
EndProject
Project("{9A19103F-16F7-4668-BE54-9A1E7A4F7556}") = "Shared", "Shared\Shared.csproj", "{444C98C3-B906-4028-9983-11489CD54BD2}"
EndProject
Project("{9A19103F-16F7-4668-BE54-9A1E7A4F7556}") = "Frontend", "Frontend\Frontend.csproj", "{FD89C550-261D-4BFC-9A4E-6D58E65EA5CA}"
EndProject
Project("{9A19103F-16F7-4668-BE54-9A1E7A4F7556}") = "HistoryDb", "HistoryDb\HistoryDb.csproj", "{973588C3-1178-41D8-96FF-2CC58E48014F}"
EndProject
Project("{9A19103F-16F7-4668-BE54-9A1E7A4F7556}") = "HistoryService", "HistoryService\HistoryService.csproj", "{9529A25F-E1F4-479D-A222-9F3EE8E7B438}"
EndProject
Project("{2150E333-8FDC-42A3-9474-1A3956D46DE8}") = "Solution Items", "Solution Items", "{CB7744FA-3043-4823-A084-855CC01A8FB3}"
	ProjectSection(SolutionItems) = preProject
		azure.yaml = azure.yaml
		postprovision.ps1 = postprovision.ps1
		readme.md = readme.md
	EndProjectSection
EndProject
Global
	GlobalSection(SolutionConfigurationPlatforms) = preSolution
		Debug|Any CPU = Debug|Any CPU
		Release|Any CPU = Release|Any CPU
	EndGlobalSection
	GlobalSection(ProjectConfigurationPlatforms) = postSolution
		{CB9FA1EC-FC2D-40AD-A1E7-3880820E8A3C}.Debug|Any CPU.ActiveCfg = Debug|Any CPU
		{CB9FA1EC-FC2D-40AD-A1E7-3880820E8A3C}.Debug|Any CPU.Build.0 = Debug|Any CPU
		{CB9FA1EC-FC2D-40AD-A1E7-3880820E8A3C}.Release|Any CPU.ActiveCfg = Release|Any CPU
		{CB9FA1EC-FC2D-40AD-A1E7-3880820E8A3C}.Release|Any CPU.Build.0 = Release|Any CPU
		{B49D3291-65D2-49D6-9E27-BD4A7533B5E6}.Debug|Any CPU.ActiveCfg = Debug|Any CPU
		{B49D3291-65D2-49D6-9E27-BD4A7533B5E6}.Debug|Any CPU.Build.0 = Debug|Any CPU
		{B49D3291-65D2-49D6-9E27-BD4A7533B5E6}.Release|Any CPU.ActiveCfg = Release|Any CPU
		{B49D3291-65D2-49D6-9E27-BD4A7533B5E6}.Release|Any CPU.Build.0 = Release|Any CPU
		{016A9A34-587F-46E6-A0C6-E529B3DF987C}.Debug|Any CPU.ActiveCfg = Debug|Any CPU
		{016A9A34-587F-46E6-A0C6-E529B3DF987C}.Debug|Any CPU.Build.0 = Debug|Any CPU
		{016A9A34-587F-46E6-A0C6-E529B3DF987C}.Release|Any CPU.ActiveCfg = Release|Any CPU
		{016A9A34-587F-46E6-A0C6-E529B3DF987C}.Release|Any CPU.Build.0 = Release|Any CPU
		{444C98C3-B906-4028-9983-11489CD54BD2}.Debug|Any CPU.ActiveCfg = Debug|Any CPU
		{444C98C3-B906-4028-9983-11489CD54BD2}.Debug|Any CPU.Build.0 = Debug|Any CPU
		{444C98C3-B906-4028-9983-11489CD54BD2}.Release|Any CPU.ActiveCfg = Release|Any CPU
		{444C98C3-B906-4028-9983-11489CD54BD2}.Release|Any CPU.Build.0 = Release|Any CPU
		{FD89C550-261D-4BFC-9A4E-6D58E65EA5CA}.Debug|Any CPU.ActiveCfg = Debug|Any CPU
		{FD89C550-261D-4BFC-9A4E-6D58E65EA5CA}.Debug|Any CPU.Build.0 = Debug|Any CPU
		{FD89C550-261D-4BFC-9A4E-6D58E65EA5CA}.Release|Any CPU.ActiveCfg = Release|Any CPU
		{FD89C550-261D-4BFC-9A4E-6D58E65EA5CA}.Release|Any CPU.Build.0 = Release|Any CPU
		{973588C3-1178-41D8-96FF-2CC58E48014F}.Debug|Any CPU.ActiveCfg = Debug|Any CPU
		{973588C3-1178-41D8-96FF-2CC58E48014F}.Debug|Any CPU.Build.0 = Debug|Any CPU
		{973588C3-1178-41D8-96FF-2CC58E48014F}.Release|Any CPU.ActiveCfg = Release|Any CPU
		{973588C3-1178-41D8-96FF-2CC58E48014F}.Release|Any CPU.Build.0 = Release|Any CPU
		{9529A25F-E1F4-479D-A222-9F3EE8E7B438}.Debug|Any CPU.ActiveCfg = Debug|Any CPU
		{9529A25F-E1F4-479D-A222-9F3EE8E7B438}.Debug|Any CPU.Build.0 = Debug|Any CPU
		{9529A25F-E1F4-479D-A222-9F3EE8E7B438}.Release|Any CPU.ActiveCfg = Release|Any CPU
		{9529A25F-E1F4-479D-A222-9F3EE8E7B438}.Release|Any CPU.Build.0 = Release|Any CPU
	EndGlobalSection
	GlobalSection(SolutionProperties) = preSolution
		HideSolutionNode = FALSE
	EndGlobalSection
	GlobalSection(ExtensibilityGlobals) = postSolution
		SolutionGuid = {62B4F54C-F728-4910-8D46-B10A398354C4}
	EndGlobalSection
EndGlobal
